
Microsoft Visual Studio Solution File, Format Version 12.00
# Visual Studio Version 16
VisualStudioVersion = 16.0.32002.261
MinimumVisualStudioVersion = 10.0.40219.1
Project("{8BC9CEB8-8B4A-11D0-8D11-00A0C91BC942}") = "MFCCharClient", "MFCCharClient.vcxproj", "{9C215468-5C0D-419B-B1F9-A8D0A10160AA}"
EndProject
Project("{8BC9CEB8-8B4A-11D0-8D11-00A0C91BC942}") = "MFCChatServer", "..\MFCChatServer\MFCChatServer.vcxproj", "{72BEBCB1-D543-4252-A848-FD7AE0E67C81}"
EndProject
Global
	GlobalSection(SolutionConfigurationPlatforms) = preSolution
		Debug|x64 = Debug|x64
		Debug|x86 = Debug|x86
		Release|x64 = Release|x64
		Release|x86 = Release|x86
	EndGlobalSection
	GlobalSection(ProjectConfigurationPlatforms) = postSolution
		{9C215468-5C0D-419B-B1F9-A8D0A10160AA}.Debug|x64.ActiveCfg = Debug|x64
		{9C215468-5C0D-419B-B1F9-A8D0A10160AA}.Debug|x64.Build.0 = Debug|x64
		{9C215468-5C0D-419B-B1F9-A8D0A10160AA}.Debug|x86.ActiveCfg = Debug|Win32
		{9C215468-5C0D-419B-B1F9-A8D0A10160AA}.Debug|x86.Build.0 = Debug|Win32
		{9C215468-5C0D-419B-B1F9-A8D0A10160AA}.Release|x64.ActiveCfg = Release|x64
		{9C215468-5C0D-419B-B1F9-A8D0A10160AA}.Release|x64.Build.0 = Release|x64
		{9C215468-5C0D-419B-B1F9-A8D0A10160AA}.Release|x86.ActiveCfg = Release|Win32
		{9C215468-5C0D-419B-B1F9-A8D0A10160AA}.Release|x86.Build.0 = Release|Win32
		{72BEBCB1-D543-4252-A848-FD7AE0E67C81}.Debug|x64.ActiveCfg = Debug|x64
		{72BEBCB1-D543-4252-A848-FD7AE0E67C81}.Debug|x64.Build.0 = Debug|x64
		{72BEBCB1-D543-4252-A848-FD7AE0E67C81}.Debug|x86.ActiveCfg = Debug|Win32
		{72BEBCB1-D543-4252-A848-FD7AE0E67C81}.Debug|x86.Build.0 = Debug|Win32
		{72BEBCB1-D543-4252-A848-FD7AE0E67C81}.Release|x64.ActiveCfg = Release|x64
		{72BEBCB1-D543-4252-A848-FD7AE0E67C81}.Release|x64.Build.0 = Release|x64
		{72BEBCB1-D543-4252-A848-FD7AE0E67C81}.Release|x86.ActiveCfg = Release|Win32
		{72BEBCB1-D543-4252-A848-FD7AE0E67C81}.Release|x86.Build.0 = Release|Win32
	EndGlobalSection
	GlobalSection(SolutionProperties) = preSolution
		HideSolutionNode = FALSE
	EndGlobalSection
	GlobalSection(ExtensibilityGlobals) = postSolution
		SolutionGuid = {48095D4D-B8A6-41AB-BF98-046218CEAD6C}
	EndGlobalSection
EndGlobal
